
Microsoft Visual Studio Solution File, Format Version 12.00
# Visual Studio Version 17
VisualStudioVersion = 17.14.36327.8 d17.14
MinimumVisualStudioVersion = 10.0.40219.1
Project("{FAE04EC0-301F-11D3-BF4B-00C04F79EFBC}") = "DiscordMultiTool", "DiscordMultiTool.csproj", "{BD705A91-67BE-40ED-83EB-9A04D41BEA53}"
EndProject
Global
	GlobalSection(SolutionConfigurationPlatforms) = preSolution
		Debug|Any CPU = Debug|Any CPU
		Release|Any CPU = Release|Any CPU
	EndGlobalSection
	GlobalSection(ProjectConfigurationPlatforms) = postSolution
		{BD705A91-67BE-40ED-83EB-9A04D41BEA53}.Debug|Any CPU.ActiveCfg = Debug|Any CPU
		{BD705A91-67BE-40ED-83EB-9A04D41BEA53}.Debug|Any CPU.Build.0 = Debug|Any CPU
		{BD705A91-67BE-40ED-83EB-9A04D41BEA53}.Release|Any CPU.ActiveCfg = Release|Any CPU
		{BD705A91-67BE-40ED-83EB-9A04D41BEA53}.Release|Any CPU.Build.0 = Release|Any CPU
	EndGlobalSection
	GlobalSection(SolutionProperties) = preSolution
		HideSolutionNode = FALSE
	EndGlobalSection
	GlobalSection(ExtensibilityGlobals) = postSolution
		SolutionGuid = {121CF7AD-7049-4994-A902-91C6A9E606CB}
	EndGlobalSection
EndGlobal
